
Microsoft Visual Studio Solution File, Format Version 12.00
# Visual Studio 15
VisualStudioVersion = 15.0.28307.1738
MinimumVisualStudioVersion = 10.0.40219.1
Project("{FAE04EC0-301F-11D3-BF4B-00C04F79EFBC}") = "SXfieldscheck", "SXfieldscheck\SXfieldscheck.csproj", "{C38F34ED-9120-44DB-B1BE-C4E7FA269455}"
	ProjectSection(ProjectDependencies) = postProject
		{CCE6C65D-F2FD-4411-ADCC-985F2E414E30} = {CCE6C65D-F2FD-4411-ADCC-985F2E414E30}
	EndProjectSection
EndProject
Project("{FAE04EC0-301F-11D3-BF4B-00C04F79EFBC}") = "libUtils", "..\MyWinLibs\libUtils\libUtils.csproj", "{CCE6C65D-F2FD-4411-ADCC-985F2E414E30}"
EndProject
Global
	GlobalSection(SolutionConfigurationPlatforms) = preSolution
		Debug|Any CPU = Debug|Any CPU
		Debug|x64 = Debug|x64
		Release|Any CPU = Release|Any CPU
		Release|x64 = Release|x64
	EndGlobalSection
	GlobalSection(ProjectConfigurationPlatforms) = postSolution
		{C38F34ED-9120-44DB-B1BE-C4E7FA269455}.Debug|Any CPU.ActiveCfg = Debug|Any CPU
		{C38F34ED-9120-44DB-B1BE-C4E7FA269455}.Debug|Any CPU.Build.0 = Debug|Any CPU
		{C38F34ED-9120-44DB-B1BE-C4E7FA269455}.Debug|x64.ActiveCfg = Debug|x64
		{C38F34ED-9120-44DB-B1BE-C4E7FA269455}.Debug|x64.Build.0 = Debug|x64
		{C38F34ED-9120-44DB-B1BE-C4E7FA269455}.Release|Any CPU.ActiveCfg = Release|Any CPU
		{C38F34ED-9120-44DB-B1BE-C4E7FA269455}.Release|Any CPU.Build.0 = Release|Any CPU
		{C38F34ED-9120-44DB-B1BE-C4E7FA269455}.Release|x64.ActiveCfg = Release|x64
		{C38F34ED-9120-44DB-B1BE-C4E7FA269455}.Release|x64.Build.0 = Release|x64
		{CCE6C65D-F2FD-4411-ADCC-985F2E414E30}.Debug|Any CPU.ActiveCfg = Debug|Any CPU
		{CCE6C65D-F2FD-4411-ADCC-985F2E414E30}.Debug|Any CPU.Build.0 = Debug|Any CPU
		{CCE6C65D-F2FD-4411-ADCC-985F2E414E30}.Debug|x64.ActiveCfg = Debug|x64
		{CCE6C65D-F2FD-4411-ADCC-985F2E414E30}.Debug|x64.Build.0 = Debug|x64
		{CCE6C65D-F2FD-4411-ADCC-985F2E414E30}.Release|Any CPU.ActiveCfg = Release|Any CPU
		{CCE6C65D-F2FD-4411-ADCC-985F2E414E30}.Release|Any CPU.Build.0 = Release|Any CPU
		{CCE6C65D-F2FD-4411-ADCC-985F2E414E30}.Release|x64.ActiveCfg = Release|x64
		{CCE6C65D-F2FD-4411-ADCC-985F2E414E30}.Release|x64.Build.0 = Release|x64
	EndGlobalSection
	GlobalSection(SolutionProperties) = preSolution
		HideSolutionNode = FALSE
	EndGlobalSection
	GlobalSection(ExtensibilityGlobals) = postSolution
		SolutionGuid = {47C5B797-C498-4628-8FD8-1383C7E36056}
	EndGlobalSection
EndGlobal
